
Microsoft Visual Studio Solution File, Format Version 12.00
# Visual Studio Version 17
VisualStudioVersion = 17.5.33414.496
MinimumVisualStudioVersion = 10.0.40219.1
Project("{9A19103F-16F7-4668-BE54-9A1E7A4F7556}") = "sets and dictionaries", "sets and dictionaries\sets and dictionaries.csproj", "{2B55B5B1-7FA0-4FF0-BE58-248A7A9C9BB8}"
EndProject
Project("{9A19103F-16F7-4668-BE54-9A1E7A4F7556}") = "oddcount", "oddcount\oddcount.csproj", "{854BA23A-8B03-4F83-8360-F69D216F20A2}"
EndProject
Project("{9A19103F-16F7-4668-BE54-9A1E7A4F7556}") = "iiieiei", "iiieiei\iiieiei.csproj", "{542F269D-C75B-48E7-BD83-C92C61090D90}"
EndProject
Project("{9A19103F-16F7-4668-BE54-9A1E7A4F7556}") = "snippets", "snippets\snippets.csproj", "{AFA85FF2-3615-4FF1-8FC7-75EAFEB85654}"
EndProject
Project("{FAE04EC0-301F-11D3-BF4B-00C04F79EFBC}") = "test", "test\test.csproj", "{8EFF4885-6011-4EC5-9274-47B13622E7A2}"
EndProject
Global
	GlobalSection(SolutionConfigurationPlatforms) = preSolution
		Debug|Any CPU = Debug|Any CPU
		Release|Any CPU = Release|Any CPU
	EndGlobalSection
	GlobalSection(ProjectConfigurationPlatforms) = postSolution
		{2B55B5B1-7FA0-4FF0-BE58-248A7A9C9BB8}.Debug|Any CPU.ActiveCfg = Debug|Any CPU
		{2B55B5B1-7FA0-4FF0-BE58-248A7A9C9BB8}.Debug|Any CPU.Build.0 = Debug|Any CPU
		{2B55B5B1-7FA0-4FF0-BE58-248A7A9C9BB8}.Release|Any CPU.ActiveCfg = Release|Any CPU
		{2B55B5B1-7FA0-4FF0-BE58-248A7A9C9BB8}.Release|Any CPU.Build.0 = Release|Any CPU
		{854BA23A-8B03-4F83-8360-F69D216F20A2}.Debug|Any CPU.ActiveCfg = Debug|Any CPU
		{854BA23A-8B03-4F83-8360-F69D216F20A2}.Debug|Any CPU.Build.0 = Debug|Any CPU
		{854BA23A-8B03-4F83-8360-F69D216F20A2}.Release|Any CPU.ActiveCfg = Release|Any CPU
		{854BA23A-8B03-4F83-8360-F69D216F20A2}.Release|Any CPU.Build.0 = Release|Any CPU
		{542F269D-C75B-48E7-BD83-C92C61090D90}.Debug|Any CPU.ActiveCfg = Debug|Any CPU
		{542F269D-C75B-48E7-BD83-C92C61090D90}.Debug|Any CPU.Build.0 = Debug|Any CPU
		{542F269D-C75B-48E7-BD83-C92C61090D90}.Release|Any CPU.ActiveCfg = Release|Any CPU
		{542F269D-C75B-48E7-BD83-C92C61090D90}.Release|Any CPU.Build.0 = Release|Any CPU
		{AFA85FF2-3615-4FF1-8FC7-75EAFEB85654}.Debug|Any CPU.ActiveCfg = Debug|Any CPU
		{AFA85FF2-3615-4FF1-8FC7-75EAFEB85654}.Debug|Any CPU.Build.0 = Debug|Any CPU
		{AFA85FF2-3615-4FF1-8FC7-75EAFEB85654}.Release|Any CPU.ActiveCfg = Release|Any CPU
		{AFA85FF2-3615-4FF1-8FC7-75EAFEB85654}.Release|Any CPU.Build.0 = Release|Any CPU
		{8EFF4885-6011-4EC5-9274-47B13622E7A2}.Debug|Any CPU.ActiveCfg = Debug|Any CPU
		{8EFF4885-6011-4EC5-9274-47B13622E7A2}.Debug|Any CPU.Build.0 = Debug|Any CPU
		{8EFF4885-6011-4EC5-9274-47B13622E7A2}.Release|Any CPU.ActiveCfg = Release|Any CPU
		{8EFF4885-6011-4EC5-9274-47B13622E7A2}.Release|Any CPU.Build.0 = Release|Any CPU
	EndGlobalSection
	GlobalSection(SolutionProperties) = preSolution
		HideSolutionNode = FALSE
	EndGlobalSection
	GlobalSection(ExtensibilityGlobals) = postSolution
		SolutionGuid = {B4F06B22-666C-496C-BCF2-E0B37056240A}
	EndGlobalSection
EndGlobal
