
Microsoft Visual Studio Solution File, Format Version 12.00
# Visual Studio Version 16
VisualStudioVersion = 16.0.32106.194
MinimumVisualStudioVersion = 10.0.40219.1
Project("{FAE04EC0-301F-11D3-BF4B-00C04F79EFBC}") = "test", "test\test.csproj", "{3F3A64F5-A6E3-4CB2-83FE-6B7B1DC9CA0D}"
EndProject
Project("{FAE04EC0-301F-11D3-BF4B-00C04F79EFBC}") = "taxi", "taxi\taxi.csproj", "{D77B9B5A-F8CA-4B46-8778-F624759C90F8}"
EndProject
Project("{FAE04EC0-301F-11D3-BF4B-00C04F79EFBC}") = "candy", "candy\candy.csproj", "{465DDD95-E5F8-475B-B9C1-733CE823422C}"
EndProject
Global
	GlobalSection(SolutionConfigurationPlatforms) = preSolution
		Debug|Any CPU = Debug|Any CPU
		Release|Any CPU = Release|Any CPU
	EndGlobalSection
	GlobalSection(ProjectConfigurationPlatforms) = postSolution
		{3F3A64F5-A6E3-4CB2-83FE-6B7B1DC9CA0D}.Debug|Any CPU.ActiveCfg = Debug|Any CPU
		{3F3A64F5-A6E3-4CB2-83FE-6B7B1DC9CA0D}.Debug|Any CPU.Build.0 = Debug|Any CPU
		{3F3A64F5-A6E3-4CB2-83FE-6B7B1DC9CA0D}.Release|Any CPU.ActiveCfg = Release|Any CPU
		{3F3A64F5-A6E3-4CB2-83FE-6B7B1DC9CA0D}.Release|Any CPU.Build.0 = Release|Any CPU
		{D77B9B5A-F8CA-4B46-8778-F624759C90F8}.Debug|Any CPU.ActiveCfg = Debug|Any CPU
		{D77B9B5A-F8CA-4B46-8778-F624759C90F8}.Debug|Any CPU.Build.0 = Debug|Any CPU
		{D77B9B5A-F8CA-4B46-8778-F624759C90F8}.Release|Any CPU.ActiveCfg = Release|Any CPU
		{D77B9B5A-F8CA-4B46-8778-F624759C90F8}.Release|Any CPU.Build.0 = Release|Any CPU
		{465DDD95-E5F8-475B-B9C1-733CE823422C}.Debug|Any CPU.ActiveCfg = Debug|Any CPU
		{465DDD95-E5F8-475B-B9C1-733CE823422C}.Debug|Any CPU.Build.0 = Debug|Any CPU
		{465DDD95-E5F8-475B-B9C1-733CE823422C}.Release|Any CPU.ActiveCfg = Release|Any CPU
		{465DDD95-E5F8-475B-B9C1-733CE823422C}.Release|Any CPU.Build.0 = Release|Any CPU
	EndGlobalSection
	GlobalSection(SolutionProperties) = preSolution
		HideSolutionNode = FALSE
	EndGlobalSection
	GlobalSection(ExtensibilityGlobals) = postSolution
		SolutionGuid = {7E1E50F1-B913-4DDF-90E7-5D9B186E123A}
	EndGlobalSection
EndGlobal
