
Microsoft Visual Studio Solution File, Format Version 12.00
# Visual Studio Version 16
VisualStudioVersion = 16.0.32106.194
MinimumVisualStudioVersion = 10.0.40219.1
Project("{FAE04EC0-301F-11D3-BF4B-00C04F79EFBC}") = "oooooooooooo", "oooooooooooo\oooooooooooo.csproj", "{D10555F7-189B-431A-BF74-95380F041E8B}"
EndProject
Global
	GlobalSection(SolutionConfigurationPlatforms) = preSolution
		Debug|Any CPU = Debug|Any CPU
		Release|Any CPU = Release|Any CPU
	EndGlobalSection
	GlobalSection(ProjectConfigurationPlatforms) = postSolution
		{D10555F7-189B-431A-BF74-95380F041E8B}.Debug|Any CPU.ActiveCfg = Debug|Any CPU
		{D10555F7-189B-431A-BF74-95380F041E8B}.Debug|Any CPU.Build.0 = Debug|Any CPU
		{D10555F7-189B-431A-BF74-95380F041E8B}.Release|Any CPU.ActiveCfg = Release|Any CPU
		{D10555F7-189B-431A-BF74-95380F041E8B}.Release|Any CPU.Build.0 = Release|Any CPU
	EndGlobalSection
	GlobalSection(SolutionProperties) = preSolution
		HideSolutionNode = FALSE
	EndGlobalSection
	GlobalSection(ExtensibilityGlobals) = postSolution
		SolutionGuid = {9214C173-E457-4665-8467-41E86817FF56}
	EndGlobalSection
EndGlobal
