
Microsoft Visual Studio Solution File, Format Version 12.00
# Visual Studio Version 17
VisualStudioVersion = 17.5.33414.496
MinimumVisualStudioVersion = 10.0.40219.1
Project("{FAE04EC0-301F-11D3-BF4B-00C04F79EFBC}") = "ImplementArrayList", "ImplementArrayList\ImplementArrayList.csproj", "{56F77359-76FD-489B-A643-D4F3EB38513B}"
EndProject
Global
	GlobalSection(SolutionConfigurationPlatforms) = preSolution
		Debug|Any CPU = Debug|Any CPU
		Release|Any CPU = Release|Any CPU
	EndGlobalSection
	GlobalSection(ProjectConfigurationPlatforms) = postSolution
		{56F77359-76FD-489B-A643-D4F3EB38513B}.Debug|Any CPU.ActiveCfg = Debug|Any CPU
		{56F77359-76FD-489B-A643-D4F3EB38513B}.Debug|Any CPU.Build.0 = Debug|Any CPU
		{56F77359-76FD-489B-A643-D4F3EB38513B}.Release|Any CPU.ActiveCfg = Release|Any CPU
		{56F77359-76FD-489B-A643-D4F3EB38513B}.Release|Any CPU.Build.0 = Release|Any CPU
	EndGlobalSection
	GlobalSection(SolutionProperties) = preSolution
		HideSolutionNode = FALSE
	EndGlobalSection
	GlobalSection(ExtensibilityGlobals) = postSolution
		SolutionGuid = {8C62FD33-E4EB-435E-9E82-1347DE29B151}
	EndGlobalSection
EndGlobal
