
Microsoft Visual Studio Solution File, Format Version 12.00
# Visual Studio Version 17
VisualStudioVersion = 17.8.34330.188
MinimumVisualStudioVersion = 10.0.40219.1
Project("{9A19103F-16F7-4668-BE54-9A1E7A4F7556}") = "AquaShop", "ExamPrep\AquaShop.csproj", "{91F33242-8A32-4C87-8E37-7A0BDBCA7B84}"
EndProject
Project("{FAE04EC0-301F-11D3-BF4B-00C04F79EFBC}") = "OP Pregovor", "OP Pregovor\OP Pregovor.csproj", "{AB2CCD3B-1293-498F-B39A-076579932CAC}"
EndProject
Global
	GlobalSection(SolutionConfigurationPlatforms) = preSolution
		Debug|Any CPU = Debug|Any CPU
		Release|Any CPU = Release|Any CPU
	EndGlobalSection
	GlobalSection(ProjectConfigurationPlatforms) = postSolution
		{91F33242-8A32-4C87-8E37-7A0BDBCA7B84}.Debug|Any CPU.ActiveCfg = Debug|Any CPU
		{91F33242-8A32-4C87-8E37-7A0BDBCA7B84}.Debug|Any CPU.Build.0 = Debug|Any CPU
		{91F33242-8A32-4C87-8E37-7A0BDBCA7B84}.Release|Any CPU.ActiveCfg = Release|Any CPU
		{91F33242-8A32-4C87-8E37-7A0BDBCA7B84}.Release|Any CPU.Build.0 = Release|Any CPU
		{AB2CCD3B-1293-498F-B39A-076579932CAC}.Debug|Any CPU.ActiveCfg = Debug|Any CPU
		{AB2CCD3B-1293-498F-B39A-076579932CAC}.Debug|Any CPU.Build.0 = Debug|Any CPU
		{AB2CCD3B-1293-498F-B39A-076579932CAC}.Release|Any CPU.ActiveCfg = Release|Any CPU
		{AB2CCD3B-1293-498F-B39A-076579932CAC}.Release|Any CPU.Build.0 = Release|Any CPU
	EndGlobalSection
	GlobalSection(SolutionProperties) = preSolution
		HideSolutionNode = FALSE
	EndGlobalSection
	GlobalSection(ExtensibilityGlobals) = postSolution
		SolutionGuid = {B3F06F2B-F340-49A0-B432-2C24E3AA65F0}
	EndGlobalSection
EndGlobal
