
Microsoft Visual Studio Solution File, Format Version 12.00
# Visual Studio Version 17
VisualStudioVersion = 17.8.34330.188
MinimumVisualStudioVersion = 10.0.40219.1
Project("{FAE04EC0-301F-11D3-BF4B-00C04F79EFBC}") = "Operations", "Operations\Operations.csproj", "{2FD2A884-4F75-40B8-B116-9B8D89719FB9}"
EndProject
Project("{FAE04EC0-301F-11D3-BF4B-00C04F79EFBC}") = "Animals", "Animals\Animals.csproj", "{64071F02-F4F7-447C-88F1-30C6230F1B38}"
EndProject
Project("{FAE04EC0-301F-11D3-BF4B-00C04F79EFBC}") = "Shapes", "Shapes\Shapes.csproj", "{689BB03A-DE70-45BB-B37B-F87691204380}"
EndProject
Global
	GlobalSection(SolutionConfigurationPlatforms) = preSolution
		Debug|Any CPU = Debug|Any CPU
		Release|Any CPU = Release|Any CPU
	EndGlobalSection
	GlobalSection(ProjectConfigurationPlatforms) = postSolution
		{2FD2A884-4F75-40B8-B116-9B8D89719FB9}.Debug|Any CPU.ActiveCfg = Debug|Any CPU
		{2FD2A884-4F75-40B8-B116-9B8D89719FB9}.Debug|Any CPU.Build.0 = Debug|Any CPU
		{2FD2A884-4F75-40B8-B116-9B8D89719FB9}.Release|Any CPU.ActiveCfg = Release|Any CPU
		{2FD2A884-4F75-40B8-B116-9B8D89719FB9}.Release|Any CPU.Build.0 = Release|Any CPU
		{64071F02-F4F7-447C-88F1-30C6230F1B38}.Debug|Any CPU.ActiveCfg = Debug|Any CPU
		{64071F02-F4F7-447C-88F1-30C6230F1B38}.Debug|Any CPU.Build.0 = Debug|Any CPU
		{64071F02-F4F7-447C-88F1-30C6230F1B38}.Release|Any CPU.ActiveCfg = Release|Any CPU
		{64071F02-F4F7-447C-88F1-30C6230F1B38}.Release|Any CPU.Build.0 = Release|Any CPU
		{689BB03A-DE70-45BB-B37B-F87691204380}.Debug|Any CPU.ActiveCfg = Debug|Any CPU
		{689BB03A-DE70-45BB-B37B-F87691204380}.Debug|Any CPU.Build.0 = Debug|Any CPU
		{689BB03A-DE70-45BB-B37B-F87691204380}.Release|Any CPU.ActiveCfg = Release|Any CPU
		{689BB03A-DE70-45BB-B37B-F87691204380}.Release|Any CPU.Build.0 = Release|Any CPU
	EndGlobalSection
	GlobalSection(SolutionProperties) = preSolution
		HideSolutionNode = FALSE
	EndGlobalSection
	GlobalSection(ExtensibilityGlobals) = postSolution
		SolutionGuid = {A6B629D9-C907-4033-8767-EF8FCCD070FC}
	EndGlobalSection
EndGlobal
