
Microsoft Visual Studio Solution File, Format Version 12.00
# Visual Studio Version 17
VisualStudioVersion = 17.8.34330.188
MinimumVisualStudioVersion = 10.0.40219.1
Project("{9A19103F-16F7-4668-BE54-9A1E7A4F7556}") = "PersonInfo", "PersonInfo\PersonInfo.csproj", "{932A2772-0CDA-44C6-A3E1-8937E5616533}"
EndProject
Project("{9A19103F-16F7-4668-BE54-9A1E7A4F7556}") = "BirthdayCelebrations", "BirthdayCelebrations\BirthdayCelebrations.csproj", "{D9C694D8-2E4F-4A69-9510-D54320ADBC4D}"
EndProject
Project("{9A19103F-16F7-4668-BE54-9A1E7A4F7556}") = "TestPrepSandbox", "TestPrepSandbox\TestPrepSandbox.csproj", "{2D0FC01D-8641-4A5A-9161-02C60D5CC686}"
EndProject
Project("{FAE04EC0-301F-11D3-BF4B-00C04F79EFBC}") = "Telephony", "Telephony\Telephony.csproj", "{4CC33C2F-51D1-4B5E-800A-EFD14C57175B}"
EndProject
Project("{FAE04EC0-301F-11D3-BF4B-00C04F79EFBC}") = "BorderControl", "BorderControl\BorderControl.csproj", "{C55D543C-7BBC-4F42-9EB2-AA0B258A423F}"
EndProject
Global
	GlobalSection(SolutionConfigurationPlatforms) = preSolution
		Debug|Any CPU = Debug|Any CPU
		Release|Any CPU = Release|Any CPU
	EndGlobalSection
	GlobalSection(ProjectConfigurationPlatforms) = postSolution
		{932A2772-0CDA-44C6-A3E1-8937E5616533}.Debug|Any CPU.ActiveCfg = Debug|Any CPU
		{932A2772-0CDA-44C6-A3E1-8937E5616533}.Debug|Any CPU.Build.0 = Debug|Any CPU
		{932A2772-0CDA-44C6-A3E1-8937E5616533}.Release|Any CPU.ActiveCfg = Release|Any CPU
		{932A2772-0CDA-44C6-A3E1-8937E5616533}.Release|Any CPU.Build.0 = Release|Any CPU
		{D9C694D8-2E4F-4A69-9510-D54320ADBC4D}.Debug|Any CPU.ActiveCfg = Debug|Any CPU
		{D9C694D8-2E4F-4A69-9510-D54320ADBC4D}.Debug|Any CPU.Build.0 = Debug|Any CPU
		{D9C694D8-2E4F-4A69-9510-D54320ADBC4D}.Release|Any CPU.ActiveCfg = Release|Any CPU
		{D9C694D8-2E4F-4A69-9510-D54320ADBC4D}.Release|Any CPU.Build.0 = Release|Any CPU
		{2D0FC01D-8641-4A5A-9161-02C60D5CC686}.Debug|Any CPU.ActiveCfg = Debug|Any CPU
		{2D0FC01D-8641-4A5A-9161-02C60D5CC686}.Debug|Any CPU.Build.0 = Debug|Any CPU
		{2D0FC01D-8641-4A5A-9161-02C60D5CC686}.Release|Any CPU.ActiveCfg = Release|Any CPU
		{2D0FC01D-8641-4A5A-9161-02C60D5CC686}.Release|Any CPU.Build.0 = Release|Any CPU
		{4CC33C2F-51D1-4B5E-800A-EFD14C57175B}.Debug|Any CPU.ActiveCfg = Debug|Any CPU
		{4CC33C2F-51D1-4B5E-800A-EFD14C57175B}.Debug|Any CPU.Build.0 = Debug|Any CPU
		{4CC33C2F-51D1-4B5E-800A-EFD14C57175B}.Release|Any CPU.ActiveCfg = Release|Any CPU
		{4CC33C2F-51D1-4B5E-800A-EFD14C57175B}.Release|Any CPU.Build.0 = Release|Any CPU
		{C55D543C-7BBC-4F42-9EB2-AA0B258A423F}.Debug|Any CPU.ActiveCfg = Debug|Any CPU
		{C55D543C-7BBC-4F42-9EB2-AA0B258A423F}.Debug|Any CPU.Build.0 = Debug|Any CPU
		{C55D543C-7BBC-4F42-9EB2-AA0B258A423F}.Release|Any CPU.ActiveCfg = Release|Any CPU
		{C55D543C-7BBC-4F42-9EB2-AA0B258A423F}.Release|Any CPU.Build.0 = Release|Any CPU
	EndGlobalSection
	GlobalSection(SolutionProperties) = preSolution
		HideSolutionNode = FALSE
	EndGlobalSection
	GlobalSection(ExtensibilityGlobals) = postSolution
		SolutionGuid = {A8EB66ED-C5B4-4B8C-8D81-8DB4EA1A9B84}
	EndGlobalSection
EndGlobal
