
Microsoft Visual Studio Solution File, Format Version 12.00
# Visual Studio Version 17
VisualStudioVersion = 17.8.34330.188
MinimumVisualStudioVersion = 10.0.40219.1
Project("{FAE04EC0-301F-11D3-BF4B-00C04F79EFBC}") = "Mini-Exam-UnitTesting-1", "Mini-Exam-UnitTesting-1\Mini-Exam-UnitTesting-1.csproj", "{06EE2B56-2B6A-4288-8C9A-C300662472DB}"
EndProject
Global
	GlobalSection(SolutionConfigurationPlatforms) = preSolution
		Debug|Any CPU = Debug|Any CPU
		Release|Any CPU = Release|Any CPU
	EndGlobalSection
	GlobalSection(ProjectConfigurationPlatforms) = postSolution
		{06EE2B56-2B6A-4288-8C9A-C300662472DB}.Debug|Any CPU.ActiveCfg = Debug|Any CPU
		{06EE2B56-2B6A-4288-8C9A-C300662472DB}.Debug|Any CPU.Build.0 = Debug|Any CPU
		{06EE2B56-2B6A-4288-8C9A-C300662472DB}.Release|Any CPU.ActiveCfg = Release|Any CPU
		{06EE2B56-2B6A-4288-8C9A-C300662472DB}.Release|Any CPU.Build.0 = Release|Any CPU
	EndGlobalSection
	GlobalSection(SolutionProperties) = preSolution
		HideSolutionNode = FALSE
	EndGlobalSection
	GlobalSection(ExtensibilityGlobals) = postSolution
		SolutionGuid = {39616503-8EE9-4A50-917E-02F757D3E780}
	EndGlobalSection
EndGlobal
